
Microsoft Visual Studio Solution File, Format Version 12.00
Project("{FAE04EC0-301F-11D3-BF4B-00C04F79EFBC}") = "fucking calculator", "fucking calculator\fucking calculator.csproj", "{975E3AFA-6427-4BC9-AB93-6B3965B319F2}"
EndProject
Global
	GlobalSection(SolutionConfigurationPlatforms) = preSolution
		Debug|Any CPU = Debug|Any CPU
		Release|Any CPU = Release|Any CPU
	EndGlobalSection
	GlobalSection(ProjectConfigurationPlatforms) = postSolution
		{975E3AFA-6427-4BC9-AB93-6B3965B319F2}.Debug|Any CPU.ActiveCfg = Debug|Any CPU
		{975E3AFA-6427-4BC9-AB93-6B3965B319F2}.Debug|Any CPU.Build.0 = Debug|Any CPU
		{975E3AFA-6427-4BC9-AB93-6B3965B319F2}.Release|Any CPU.ActiveCfg = Release|Any CPU
		{975E3AFA-6427-4BC9-AB93-6B3965B319F2}.Release|Any CPU.Build.0 = Release|Any CPU
	EndGlobalSection
EndGlobal
